# Sources Lock Template
# Generated by /repro-acquire. Do not manually edit.
# Re-run /repro-acquire to regenerate.

version: "1.0"
generated_at: ""
paper_url: ""

sources:
  primary:
    url: ""
    commit: ""
    branch: ""
    tag: ""
    license: ""
    role: primary
    cloned_at: ""
    security_audit: ""  # "passed", "flagged", "rejected"
    submodules: []
    lfs_files: []
    notes: ""

  references: []

  tooling: []
